
Microsoft Visual Studio Solution File, Format Version 12.00
# Visual Studio Version 17
VisualStudioVersion = 17.4.33110.190
MinimumVisualStudioVersion = 10.0.40219.1
Project("{9A19103F-16F7-4668-BE54-9A1E7A4F7556}") = "ExpensesApi", "ExpensesApi\ExpensesApi.csproj", "{D8CC63BF-E3C2-4458-838C-CA2987DB65C5}"
EndProject
Project("{FAE04EC0-301F-11D3-BF4B-00C04F79EFBC}") = "Entity", "Entity\Entity.csproj", "{A291DBFE-0B57-4BD1-A855-6C83D3AE2771}"
EndProject
Project("{FAE04EC0-301F-11D3-BF4B-00C04F79EFBC}") = "Core", "Core\Core.csproj", "{96E02EE4-CA66-41EF-8106-54C0DA8F1855}"
EndProject
Project("{FAE04EC0-301F-11D3-BF4B-00C04F79EFBC}") = "Infrastructure", "Infrastructure\Infrastructure.csproj", "{A5F2E145-4E3D-401A-A3E7-9F8A2ECE612C}"
EndProject
Global
	GlobalSection(SolutionConfigurationPlatforms) = preSolution
		Debug|Any CPU = Debug|Any CPU
		Release|Any CPU = Release|Any CPU
	EndGlobalSection
	GlobalSection(ProjectConfigurationPlatforms) = postSolution
		{D8CC63BF-E3C2-4458-838C-CA2987DB65C5}.Debug|Any CPU.ActiveCfg = Debug|Any CPU
		{D8CC63BF-E3C2-4458-838C-CA2987DB65C5}.Debug|Any CPU.Build.0 = Debug|Any CPU
		{D8CC63BF-E3C2-4458-838C-CA2987DB65C5}.Release|Any CPU.ActiveCfg = Release|Any CPU
		{D8CC63BF-E3C2-4458-838C-CA2987DB65C5}.Release|Any CPU.Build.0 = Release|Any CPU
		{A291DBFE-0B57-4BD1-A855-6C83D3AE2771}.Debug|Any CPU.ActiveCfg = Debug|Any CPU
		{A291DBFE-0B57-4BD1-A855-6C83D3AE2771}.Debug|Any CPU.Build.0 = Debug|Any CPU
		{A291DBFE-0B57-4BD1-A855-6C83D3AE2771}.Release|Any CPU.ActiveCfg = Release|Any CPU
		{A291DBFE-0B57-4BD1-A855-6C83D3AE2771}.Release|Any CPU.Build.0 = Release|Any CPU
		{96E02EE4-CA66-41EF-8106-54C0DA8F1855}.Debug|Any CPU.ActiveCfg = Debug|Any CPU
		{96E02EE4-CA66-41EF-8106-54C0DA8F1855}.Debug|Any CPU.Build.0 = Debug|Any CPU
		{96E02EE4-CA66-41EF-8106-54C0DA8F1855}.Release|Any CPU.ActiveCfg = Release|Any CPU
		{96E02EE4-CA66-41EF-8106-54C0DA8F1855}.Release|Any CPU.Build.0 = Release|Any CPU
		{A5F2E145-4E3D-401A-A3E7-9F8A2ECE612C}.Debug|Any CPU.ActiveCfg = Debug|Any CPU
		{A5F2E145-4E3D-401A-A3E7-9F8A2ECE612C}.Debug|Any CPU.Build.0 = Debug|Any CPU
		{A5F2E145-4E3D-401A-A3E7-9F8A2ECE612C}.Release|Any CPU.ActiveCfg = Release|Any CPU
		{A5F2E145-4E3D-401A-A3E7-9F8A2ECE612C}.Release|Any CPU.Build.0 = Release|Any CPU
	EndGlobalSection
	GlobalSection(SolutionProperties) = preSolution
		HideSolutionNode = FALSE
	EndGlobalSection
	GlobalSection(ExtensibilityGlobals) = postSolution
		SolutionGuid = {89B9FE45-39F3-4BE0-8CC2-DF41C9138BF5}
	EndGlobalSection
EndGlobal
